
Microsoft Visual Studio Solution File, Format Version 12.00
# Visual Studio Version 16
VisualStudioVersion = 16.0.30413.136
MinimumVisualStudioVersion = 10.0.40219.1
Project("{FAE04EC0-301F-11D3-BF4B-00C04F79EFBC}") = "FastTesting_DotNetCore", "FastTesting_DotNetCore\FastTesting_DotNetCore.csproj", "{24D42E90-AF11-4BE6-8CF3-990A40683FC8}"
EndProject
Project("{9A19103F-16F7-4668-BE54-9A1E7A4F7556}") = "Npoi Library DotNetCore", "..\Npoi-Library-DotNetCore\Npoi Library DotNetCore\Npoi Library DotNetCore.csproj", "{2D9F9B7F-BBB6-4282-A64D-0DEBDC15B4BA}"
EndProject
Project("{9A19103F-16F7-4668-BE54-9A1E7A4F7556}") = "Utility Library DotNetCore", "..\UtilityLibrary_DotNetCore\Utility Library DotNetCore\Utility Library DotNetCore.csproj", "{F42697A5-591D-4371-B65A-C36AB03A30BC}"
EndProject
Project("{9A19103F-16F7-4668-BE54-9A1E7A4F7556}") = "EPPlus_Library_DotNetCore", "..\EPPlus_Library_DotNetCore\EPPlus_Library_DotNetCore.csproj", "{D7E5FC69-9A57-44CC-88A9-6FB552A493D7}"
EndProject
Global
	GlobalSection(SolutionConfigurationPlatforms) = preSolution
		Debug|Any CPU = Debug|Any CPU
		Release|Any CPU = Release|Any CPU
	EndGlobalSection
	GlobalSection(ProjectConfigurationPlatforms) = postSolution
		{24D42E90-AF11-4BE6-8CF3-990A40683FC8}.Debug|Any CPU.ActiveCfg = Debug|Any CPU
		{24D42E90-AF11-4BE6-8CF3-990A40683FC8}.Debug|Any CPU.Build.0 = Debug|Any CPU
		{24D42E90-AF11-4BE6-8CF3-990A40683FC8}.Release|Any CPU.ActiveCfg = Release|Any CPU
		{24D42E90-AF11-4BE6-8CF3-990A40683FC8}.Release|Any CPU.Build.0 = Release|Any CPU
		{2D9F9B7F-BBB6-4282-A64D-0DEBDC15B4BA}.Debug|Any CPU.ActiveCfg = Debug|Any CPU
		{2D9F9B7F-BBB6-4282-A64D-0DEBDC15B4BA}.Debug|Any CPU.Build.0 = Debug|Any CPU
		{2D9F9B7F-BBB6-4282-A64D-0DEBDC15B4BA}.Release|Any CPU.ActiveCfg = Release|Any CPU
		{2D9F9B7F-BBB6-4282-A64D-0DEBDC15B4BA}.Release|Any CPU.Build.0 = Release|Any CPU
		{F42697A5-591D-4371-B65A-C36AB03A30BC}.Debug|Any CPU.ActiveCfg = Debug|Any CPU
		{F42697A5-591D-4371-B65A-C36AB03A30BC}.Debug|Any CPU.Build.0 = Debug|Any CPU
		{F42697A5-591D-4371-B65A-C36AB03A30BC}.Release|Any CPU.ActiveCfg = Release|Any CPU
		{F42697A5-591D-4371-B65A-C36AB03A30BC}.Release|Any CPU.Build.0 = Release|Any CPU
		{D7E5FC69-9A57-44CC-88A9-6FB552A493D7}.Debug|Any CPU.ActiveCfg = Debug|Any CPU
		{D7E5FC69-9A57-44CC-88A9-6FB552A493D7}.Debug|Any CPU.Build.0 = Debug|Any CPU
		{D7E5FC69-9A57-44CC-88A9-6FB552A493D7}.Release|Any CPU.ActiveCfg = Release|Any CPU
		{D7E5FC69-9A57-44CC-88A9-6FB552A493D7}.Release|Any CPU.Build.0 = Release|Any CPU
	EndGlobalSection
	GlobalSection(SolutionProperties) = preSolution
		HideSolutionNode = FALSE
	EndGlobalSection
	GlobalSection(ExtensibilityGlobals) = postSolution
		SolutionGuid = {8ECB8EE1-940B-49D5-9067-A1197CB2BED6}
	EndGlobalSection
EndGlobal
